
Microsoft Visual Studio Solution File, Format Version 12.00
# Visual Studio Version 17
VisualStudioVersion = 17.4.33213.308
MinimumVisualStudioVersion = 10.0.40219.1
Project("{FAE04EC0-301F-11D3-BF4B-00C04F79EFBC}") = "Petrisheva", "Petrisheva\Petrisheva.csproj", "{A0F35C22-DE92-4652-A277-2CAD34B846BA}"
EndProject
Global
	GlobalSection(SolutionConfigurationPlatforms) = preSolution
		Debug|Any CPU = Debug|Any CPU
		Release|Any CPU = Release|Any CPU
	EndGlobalSection
	GlobalSection(ProjectConfigurationPlatforms) = postSolution
		{A0F35C22-DE92-4652-A277-2CAD34B846BA}.Debug|Any CPU.ActiveCfg = Debug|Any CPU
		{A0F35C22-DE92-4652-A277-2CAD34B846BA}.Debug|Any CPU.Build.0 = Debug|Any CPU
		{A0F35C22-DE92-4652-A277-2CAD34B846BA}.Release|Any CPU.ActiveCfg = Release|Any CPU
		{A0F35C22-DE92-4652-A277-2CAD34B846BA}.Release|Any CPU.Build.0 = Release|Any CPU
	EndGlobalSection
	GlobalSection(SolutionProperties) = preSolution
		HideSolutionNode = FALSE
	EndGlobalSection
	GlobalSection(ExtensibilityGlobals) = postSolution
		SolutionGuid = {ADF60FA7-B116-47E4-A042-35030FE1F209}
	EndGlobalSection
EndGlobal
